
Microsoft Visual Studio Solution File, Format Version 12.00
# Visual Studio Version 16
VisualStudioVersion = 16.0.29306.81
MinimumVisualStudioVersion = 10.0.40219.1
Project("{FAE04EC0-301F-11D3-BF4B-00C04F79EFBC}") = "TrabalhandoComExcecoes", "TrabalhandoComExcecoes\TrabalhandoComExcecoes.csproj", "{06829DCE-E34E-4B68-B9C6-F131ED8316EA}"
EndProject
Global
	GlobalSection(SolutionConfigurationPlatforms) = preSolution
		Debug|Any CPU = Debug|Any CPU
		Release|Any CPU = Release|Any CPU
	EndGlobalSection
	GlobalSection(ProjectConfigurationPlatforms) = postSolution
		{06829DCE-E34E-4B68-B9C6-F131ED8316EA}.Debug|Any CPU.ActiveCfg = Debug|Any CPU
		{06829DCE-E34E-4B68-B9C6-F131ED8316EA}.Debug|Any CPU.Build.0 = Debug|Any CPU
		{06829DCE-E34E-4B68-B9C6-F131ED8316EA}.Release|Any CPU.ActiveCfg = Release|Any CPU
		{06829DCE-E34E-4B68-B9C6-F131ED8316EA}.Release|Any CPU.Build.0 = Release|Any CPU
	EndGlobalSection
	GlobalSection(SolutionProperties) = preSolution
		HideSolutionNode = FALSE
	EndGlobalSection
	GlobalSection(ExtensibilityGlobals) = postSolution
		SolutionGuid = {06D17610-D29A-42B0-92FE-F92525E29C46}
	EndGlobalSection
EndGlobal
